
Microsoft Visual Studio Solution File, Format Version 12.00
# Visual Studio Version 17
VisualStudioVersion = 17.0.31903.59
MinimumVisualStudioVersion = 10.0.40219.1
Project("{2150E333-8FDC-42A3-9474-1A3956D46DE8}") = "src", "src", "{827E0CD3-B72D-47B6-A68D-7590B98EB39B}"
EndProject
Project("{FAE04EC0-301F-11D3-BF4B-00C04F79EFBC}") = "TokenFish.App", "src\TokenFish.App\TokenFish.App.csproj", "{52AEE0D8-4E3D-4D5D-844D-CBEA869FBA16}"
EndProject
Project("{FAE04EC0-301F-11D3-BF4B-00C04F79EFBC}") = "TokenFish.Core", "src\TokenFish.Core\TokenFish.Core.csproj", "{31855F97-50B3-43C8-8B8B-6E7290B3C834}"
EndProject
Project("{FAE04EC0-301F-11D3-BF4B-00C04F79EFBC}") = "TokenFish.Infrastructure", "src\TokenFish.Infrastructure\TokenFish.Infrastructure.csproj", "{FCDBFCC7-0F19-49C6-89AB-450F6C5FC352}"
EndProject
Project("{FAE04EC0-301F-11D3-BF4B-00C04F79EFBC}") = "TokenFish.Providers.Claude", "src\TokenFish.Providers.Claude\TokenFish.Providers.Claude.csproj", "{3A8BD748-56D5-4627-90F7-FDB6DE8636B8}"
EndProject
Project("{FAE04EC0-301F-11D3-BF4B-00C04F79EFBC}") = "TokenFish.ClaudeBridge", "src\TokenFish.ClaudeBridge\TokenFish.ClaudeBridge.csproj", "{8C1B220A-C929-4D4D-A030-8EA159EC3F5C}"
EndProject
Project("{FAE04EC0-301F-11D3-BF4B-00C04F79EFBC}") = "TokenFish.Providers.Codex", "src\TokenFish.Providers.Codex\TokenFish.Providers.Codex.csproj", "{16C4BD3A-B70A-4786-8B11-EB4B1525AE9F}"
EndProject
Project("{2150E333-8FDC-42A3-9474-1A3956D46DE8}") = "tests", "tests", "{0AB3BF05-4346-4AA6-1389-037BE0695223}"
EndProject
Project("{FAE04EC0-301F-11D3-BF4B-00C04F79EFBC}") = "TokenFish.Core.Tests", "tests\TokenFish.Core.Tests\TokenFish.Core.Tests.csproj", "{B1F0EA8C-DDEC-450E-9611-0611FD68F36B}"
EndProject
Project("{FAE04EC0-301F-11D3-BF4B-00C04F79EFBC}") = "TokenFish.Providers.Codex.Tests", "tests\TokenFish.Providers.Codex.Tests\TokenFish.Providers.Codex.Tests.csproj", "{CD02BB7B-B77D-4822-A8EF-B2CEB98B42E4}"
EndProject
Project("{FAE04EC0-301F-11D3-BF4B-00C04F79EFBC}") = "TokenFish.Infrastructure.Tests", "tests\TokenFish.Infrastructure.Tests\TokenFish.Infrastructure.Tests.csproj", "{0CB98F6E-125F-47F6-A56B-5B45F160BDE5}"
EndProject
Project("{FAE04EC0-301F-11D3-BF4B-00C04F79EFBC}") = "TokenFish.Providers.Claude.Tests", "tests\TokenFish.Providers.Claude.Tests\TokenFish.Providers.Claude.Tests.csproj", "{458B39A2-4CD4-4B74-B13D-D6D7C8F3D1A8}"
EndProject
Global
	GlobalSection(SolutionConfigurationPlatforms) = preSolution
		Debug|Any CPU = Debug|Any CPU
		Debug|x64 = Debug|x64
		Debug|x86 = Debug|x86
		Release|Any CPU = Release|Any CPU
		Release|x64 = Release|x64
		Release|x86 = Release|x86
	EndGlobalSection
	GlobalSection(ProjectConfigurationPlatforms) = postSolution
		{52AEE0D8-4E3D-4D5D-844D-CBEA869FBA16}.Debug|Any CPU.ActiveCfg = Debug|x86
		{52AEE0D8-4E3D-4D5D-844D-CBEA869FBA16}.Debug|Any CPU.Build.0 = Debug|x86
		{52AEE0D8-4E3D-4D5D-844D-CBEA869FBA16}.Debug|x64.ActiveCfg = Debug|x64
		{52AEE0D8-4E3D-4D5D-844D-CBEA869FBA16}.Debug|x64.Build.0 = Debug|x64
		{52AEE0D8-4E3D-4D5D-844D-CBEA869FBA16}.Debug|x86.ActiveCfg = Debug|x86
		{52AEE0D8-4E3D-4D5D-844D-CBEA869FBA16}.Debug|x86.Build.0 = Debug|x86
		{52AEE0D8-4E3D-4D5D-844D-CBEA869FBA16}.Release|Any CPU.ActiveCfg = Release|x86
		{52AEE0D8-4E3D-4D5D-844D-CBEA869FBA16}.Release|Any CPU.Build.0 = Release|x86
		{52AEE0D8-4E3D-4D5D-844D-CBEA869FBA16}.Release|x64.ActiveCfg = Release|x64
		{52AEE0D8-4E3D-4D5D-844D-CBEA869FBA16}.Release|x64.Build.0 = Release|x64
		{52AEE0D8-4E3D-4D5D-844D-CBEA869FBA16}.Release|x86.ActiveCfg = Release|x86
		{52AEE0D8-4E3D-4D5D-844D-CBEA869FBA16}.Release|x86.Build.0 = Release|x86
		{31855F97-50B3-43C8-8B8B-6E7290B3C834}.Debug|Any CPU.ActiveCfg = Debug|Any CPU
		{31855F97-50B3-43C8-8B8B-6E7290B3C834}.Debug|Any CPU.Build.0 = Debug|Any CPU
		{31855F97-50B3-43C8-8B8B-6E7290B3C834}.Debug|x64.ActiveCfg = Debug|Any CPU
		{31855F97-50B3-43C8-8B8B-6E7290B3C834}.Debug|x64.Build.0 = Debug|Any CPU
		{31855F97-50B3-43C8-8B8B-6E7290B3C834}.Debug|x86.ActiveCfg = Debug|Any CPU
		{31855F97-50B3-43C8-8B8B-6E7290B3C834}.Debug|x86.Build.0 = Debug|Any CPU
		{31855F97-50B3-43C8-8B8B-6E7290B3C834}.Release|Any CPU.ActiveCfg = Release|Any CPU
		{31855F97-50B3-43C8-8B8B-6E7290B3C834}.Release|Any CPU.Build.0 = Release|Any CPU
		{31855F97-50B3-43C8-8B8B-6E7290B3C834}.Release|x64.ActiveCfg = Release|Any CPU
		{31855F97-50B3-43C8-8B8B-6E7290B3C834}.Release|x64.Build.0 = Release|Any CPU
		{31855F97-50B3-43C8-8B8B-6E7290B3C834}.Release|x86.ActiveCfg = Release|Any CPU
		{31855F97-50B3-43C8-8B8B-6E7290B3C834}.Release|x86.Build.0 = Release|Any CPU
		{FCDBFCC7-0F19-49C6-89AB-450F6C5FC352}.Debug|Any CPU.ActiveCfg = Debug|Any CPU
		{FCDBFCC7-0F19-49C6-89AB-450F6C5FC352}.Debug|Any CPU.Build.0 = Debug|Any CPU
		{FCDBFCC7-0F19-49C6-89AB-450F6C5FC352}.Debug|x64.ActiveCfg = Debug|Any CPU
		{FCDBFCC7-0F19-49C6-89AB-450F6C5FC352}.Debug|x64.Build.0 = Debug|Any CPU
		{FCDBFCC7-0F19-49C6-89AB-450F6C5FC352}.Debug|x86.ActiveCfg = Debug|Any CPU
		{FCDBFCC7-0F19-49C6-89AB-450F6C5FC352}.Debug|x86.Build.0 = Debug|Any CPU
		{FCDBFCC7-0F19-49C6-89AB-450F6C5FC352}.Release|Any CPU.ActiveCfg = Release|Any CPU
		{FCDBFCC7-0F19-49C6-89AB-450F6C5FC352}.Release|Any CPU.Build.0 = Release|Any CPU
		{FCDBFCC7-0F19-49C6-89AB-450F6C5FC352}.Release|x64.ActiveCfg = Release|Any CPU
		{FCDBFCC7-0F19-49C6-89AB-450F6C5FC352}.Release|x64.Build.0 = Release|Any CPU
		{FCDBFCC7-0F19-49C6-89AB-450F6C5FC352}.Release|x86.ActiveCfg = Release|Any CPU
		{FCDBFCC7-0F19-49C6-89AB-450F6C5FC352}.Release|x86.Build.0 = Release|Any CPU
		{3A8BD748-56D5-4627-90F7-FDB6DE8636B8}.Debug|Any CPU.ActiveCfg = Debug|Any CPU
		{3A8BD748-56D5-4627-90F7-FDB6DE8636B8}.Debug|Any CPU.Build.0 = Debug|Any CPU
		{3A8BD748-56D5-4627-90F7-FDB6DE8636B8}.Debug|x64.ActiveCfg = Debug|Any CPU
		{3A8BD748-56D5-4627-90F7-FDB6DE8636B8}.Debug|x64.Build.0 = Debug|Any CPU
		{3A8BD748-56D5-4627-90F7-FDB6DE8636B8}.Debug|x86.ActiveCfg = Debug|Any CPU
		{3A8BD748-56D5-4627-90F7-FDB6DE8636B8}.Debug|x86.Build.0 = Debug|Any CPU
		{3A8BD748-56D5-4627-90F7-FDB6DE8636B8}.Release|Any CPU.ActiveCfg = Release|Any CPU
		{3A8BD748-56D5-4627-90F7-FDB6DE8636B8}.Release|Any CPU.Build.0 = Release|Any CPU
		{3A8BD748-56D5-4627-90F7-FDB6DE8636B8}.Release|x64.ActiveCfg = Release|Any CPU
		{3A8BD748-56D5-4627-90F7-FDB6DE8636B8}.Release|x64.Build.0 = Release|Any CPU
		{3A8BD748-56D5-4627-90F7-FDB6DE8636B8}.Release|x86.ActiveCfg = Release|Any CPU
		{3A8BD748-56D5-4627-90F7-FDB6DE8636B8}.Release|x86.Build.0 = Release|Any CPU
		{8C1B220A-C929-4D4D-A030-8EA159EC3F5C}.Debug|Any CPU.ActiveCfg = Debug|Any CPU
		{8C1B220A-C929-4D4D-A030-8EA159EC3F5C}.Debug|Any CPU.Build.0 = Debug|Any CPU
		{8C1B220A-C929-4D4D-A030-8EA159EC3F5C}.Debug|x64.ActiveCfg = Debug|Any CPU
		{8C1B220A-C929-4D4D-A030-8EA159EC3F5C}.Debug|x64.Build.0 = Debug|Any CPU
		{8C1B220A-C929-4D4D-A030-8EA159EC3F5C}.Debug|x86.ActiveCfg = Debug|Any CPU
		{8C1B220A-C929-4D4D-A030-8EA159EC3F5C}.Debug|x86.Build.0 = Debug|Any CPU
		{8C1B220A-C929-4D4D-A030-8EA159EC3F5C}.Release|Any CPU.ActiveCfg = Release|Any CPU
		{8C1B220A-C929-4D4D-A030-8EA159EC3F5C}.Release|Any CPU.Build.0 = Release|Any CPU
		{8C1B220A-C929-4D4D-A030-8EA159EC3F5C}.Release|x64.ActiveCfg = Release|Any CPU
		{8C1B220A-C929-4D4D-A030-8EA159EC3F5C}.Release|x64.Build.0 = Release|Any CPU
		{8C1B220A-C929-4D4D-A030-8EA159EC3F5C}.Release|x86.ActiveCfg = Release|Any CPU
		{8C1B220A-C929-4D4D-A030-8EA159EC3F5C}.Release|x86.Build.0 = Release|Any CPU
		{16C4BD3A-B70A-4786-8B11-EB4B1525AE9F}.Debug|Any CPU.ActiveCfg = Debug|Any CPU
		{16C4BD3A-B70A-4786-8B11-EB4B1525AE9F}.Debug|Any CPU.Build.0 = Debug|Any CPU
		{16C4BD3A-B70A-4786-8B11-EB4B1525AE9F}.Debug|x64.ActiveCfg = Debug|Any CPU
		{16C4BD3A-B70A-4786-8B11-EB4B1525AE9F}.Debug|x64.Build.0 = Debug|Any CPU
		{16C4BD3A-B70A-4786-8B11-EB4B1525AE9F}.Debug|x86.ActiveCfg = Debug|Any CPU
		{16C4BD3A-B70A-4786-8B11-EB4B1525AE9F}.Debug|x86.Build.0 = Debug|Any CPU
		{16C4BD3A-B70A-4786-8B11-EB4B1525AE9F}.Release|Any CPU.ActiveCfg = Release|Any CPU
		{16C4BD3A-B70A-4786-8B11-EB4B1525AE9F}.Release|Any CPU.Build.0 = Release|Any CPU
		{16C4BD3A-B70A-4786-8B11-EB4B1525AE9F}.Release|x64.ActiveCfg = Release|Any CPU
		{16C4BD3A-B70A-4786-8B11-EB4B1525AE9F}.Release|x64.Build.0 = Release|Any CPU
		{16C4BD3A-B70A-4786-8B11-EB4B1525AE9F}.Release|x86.ActiveCfg = Release|Any CPU
		{16C4BD3A-B70A-4786-8B11-EB4B1525AE9F}.Release|x86.Build.0 = Release|Any CPU
		{B1F0EA8C-DDEC-450E-9611-0611FD68F36B}.Debug|Any CPU.ActiveCfg = Debug|Any CPU
		{B1F0EA8C-DDEC-450E-9611-0611FD68F36B}.Debug|Any CPU.Build.0 = Debug|Any CPU
		{B1F0EA8C-DDEC-450E-9611-0611FD68F36B}.Debug|x64.ActiveCfg = Debug|Any CPU
		{B1F0EA8C-DDEC-450E-9611-0611FD68F36B}.Debug|x64.Build.0 = Debug|Any CPU
		{B1F0EA8C-DDEC-450E-9611-0611FD68F36B}.Debug|x86.ActiveCfg = Debug|Any CPU
		{B1F0EA8C-DDEC-450E-9611-0611FD68F36B}.Debug|x86.Build.0 = Debug|Any CPU
		{B1F0EA8C-DDEC-450E-9611-0611FD68F36B}.Release|Any CPU.ActiveCfg = Release|Any CPU
		{B1F0EA8C-DDEC-450E-9611-0611FD68F36B}.Release|Any CPU.Build.0 = Release|Any CPU
		{B1F0EA8C-DDEC-450E-9611-0611FD68F36B}.Release|x64.ActiveCfg = Release|Any CPU
		{B1F0EA8C-DDEC-450E-9611-0611FD68F36B}.Release|x64.Build.0 = Release|Any CPU
		{B1F0EA8C-DDEC-450E-9611-0611FD68F36B}.Release|x86.ActiveCfg = Release|Any CPU
		{B1F0EA8C-DDEC-450E-9611-0611FD68F36B}.Release|x86.Build.0 = Release|Any CPU
		{CD02BB7B-B77D-4822-A8EF-B2CEB98B42E4}.Debug|Any CPU.ActiveCfg = Debug|Any CPU
		{CD02BB7B-B77D-4822-A8EF-B2CEB98B42E4}.Debug|Any CPU.Build.0 = Debug|Any CPU
		{CD02BB7B-B77D-4822-A8EF-B2CEB98B42E4}.Debug|x64.ActiveCfg = Debug|Any CPU
		{CD02BB7B-B77D-4822-A8EF-B2CEB98B42E4}.Debug|x64.Build.0 = Debug|Any CPU
		{CD02BB7B-B77D-4822-A8EF-B2CEB98B42E4}.Debug|x86.ActiveCfg = Debug|Any CPU
		{CD02BB7B-B77D-4822-A8EF-B2CEB98B42E4}.Debug|x86.Build.0 = Debug|Any CPU
		{CD02BB7B-B77D-4822-A8EF-B2CEB98B42E4}.Release|Any CPU.ActiveCfg = Release|Any CPU
		{CD02BB7B-B77D-4822-A8EF-B2CEB98B42E4}.Release|Any CPU.Build.0 = Release|Any CPU
		{CD02BB7B-B77D-4822-A8EF-B2CEB98B42E4}.Release|x64.ActiveCfg = Release|Any CPU
		{CD02BB7B-B77D-4822-A8EF-B2CEB98B42E4}.Release|x64.Build.0 = Release|Any CPU
		{CD02BB7B-B77D-4822-A8EF-B2CEB98B42E4}.Release|x86.ActiveCfg = Release|Any CPU
		{CD02BB7B-B77D-4822-A8EF-B2CEB98B42E4}.Release|x86.Build.0 = Release|Any CPU
		{0CB98F6E-125F-47F6-A56B-5B45F160BDE5}.Debug|Any CPU.ActiveCfg = Debug|Any CPU
		{0CB98F6E-125F-47F6-A56B-5B45F160BDE5}.Debug|Any CPU.Build.0 = Debug|Any CPU
		{0CB98F6E-125F-47F6-A56B-5B45F160BDE5}.Debug|x64.ActiveCfg = Debug|Any CPU
		{0CB98F6E-125F-47F6-A56B-5B45F160BDE5}.Debug|x64.Build.0 = Debug|Any CPU
		{0CB98F6E-125F-47F6-A56B-5B45F160BDE5}.Debug|x86.ActiveCfg = Debug|Any CPU
		{0CB98F6E-125F-47F6-A56B-5B45F160BDE5}.Debug|x86.Build.0 = Debug|Any CPU
		{0CB98F6E-125F-47F6-A56B-5B45F160BDE5}.Release|Any CPU.ActiveCfg = Release|Any CPU
		{0CB98F6E-125F-47F6-A56B-5B45F160BDE5}.Release|Any CPU.Build.0 = Release|Any CPU
		{0CB98F6E-125F-47F6-A56B-5B45F160BDE5}.Release|x64.ActiveCfg = Release|Any CPU
		{0CB98F6E-125F-47F6-A56B-5B45F160BDE5}.Release|x64.Build.0 = Release|Any CPU
		{0CB98F6E-125F-47F6-A56B-5B45F160BDE5}.Release|x86.ActiveCfg = Release|Any CPU
		{0CB98F6E-125F-47F6-A56B-5B45F160BDE5}.Release|x86.Build.0 = Release|Any CPU
		{458B39A2-4CD4-4B74-B13D-D6D7C8F3D1A8}.Debug|Any CPU.ActiveCfg = Debug|Any CPU
		{458B39A2-4CD4-4B74-B13D-D6D7C8F3D1A8}.Debug|Any CPU.Build.0 = Debug|Any CPU
		{458B39A2-4CD4-4B74-B13D-D6D7C8F3D1A8}.Debug|x64.ActiveCfg = Debug|Any CPU
		{458B39A2-4CD4-4B74-B13D-D6D7C8F3D1A8}.Debug|x64.Build.0 = Debug|Any CPU
		{458B39A2-4CD4-4B74-B13D-D6D7C8F3D1A8}.Debug|x86.ActiveCfg = Debug|Any CPU
		{458B39A2-4CD4-4B74-B13D-D6D7C8F3D1A8}.Debug|x86.Build.0 = Debug|Any CPU
		{458B39A2-4CD4-4B74-B13D-D6D7C8F3D1A8}.Release|Any CPU.ActiveCfg = Release|Any CPU
		{458B39A2-4CD4-4B74-B13D-D6D7C8F3D1A8}.Release|Any CPU.Build.0 = Release|Any CPU
		{458B39A2-4CD4-4B74-B13D-D6D7C8F3D1A8}.Release|x64.ActiveCfg = Release|Any CPU
		{458B39A2-4CD4-4B74-B13D-D6D7C8F3D1A8}.Release|x64.Build.0 = Release|Any CPU
		{458B39A2-4CD4-4B74-B13D-D6D7C8F3D1A8}.Release|x86.ActiveCfg = Release|Any CPU
		{458B39A2-4CD4-4B74-B13D-D6D7C8F3D1A8}.Release|x86.Build.0 = Release|Any CPU
	EndGlobalSection
	GlobalSection(SolutionProperties) = preSolution
		HideSolutionNode = FALSE
	EndGlobalSection
	GlobalSection(NestedProjects) = preSolution
		{52AEE0D8-4E3D-4D5D-844D-CBEA869FBA16} = {827E0CD3-B72D-47B6-A68D-7590B98EB39B}
		{31855F97-50B3-43C8-8B8B-6E7290B3C834} = {827E0CD3-B72D-47B6-A68D-7590B98EB39B}
		{FCDBFCC7-0F19-49C6-89AB-450F6C5FC352} = {827E0CD3-B72D-47B6-A68D-7590B98EB39B}
		{3A8BD748-56D5-4627-90F7-FDB6DE8636B8} = {827E0CD3-B72D-47B6-A68D-7590B98EB39B}
		{8C1B220A-C929-4D4D-A030-8EA159EC3F5C} = {827E0CD3-B72D-47B6-A68D-7590B98EB39B}
		{16C4BD3A-B70A-4786-8B11-EB4B1525AE9F} = {827E0CD3-B72D-47B6-A68D-7590B98EB39B}
		{B1F0EA8C-DDEC-450E-9611-0611FD68F36B} = {0AB3BF05-4346-4AA6-1389-037BE0695223}
		{CD02BB7B-B77D-4822-A8EF-B2CEB98B42E4} = {0AB3BF05-4346-4AA6-1389-037BE0695223}
		{0CB98F6E-125F-47F6-A56B-5B45F160BDE5} = {0AB3BF05-4346-4AA6-1389-037BE0695223}
		{458B39A2-4CD4-4B74-B13D-D6D7C8F3D1A8} = {0AB3BF05-4346-4AA6-1389-037BE0695223}
	EndGlobalSection
EndGlobal
